// !$*UTF8*$!
{
	archiveVersion = 1;
	classes = {
	};
	objectVersion = 50;
	objects = {

/* Begin PBXBuildFile section */
		493C03802555045400BBCB32 /* MemoListViewController.swift in Sources */ = {isa = PBXBuildFile; fileRef = 493C037F2555045400BBCB32 /* MemoListViewController.swift */; };
		493DAD8C254C780A00494D2C /* AppDelegate.swift in Sources */ = {isa = PBXBuildFile; fileRef = 493DAD8B254C780A00494D2C /* AppDelegate.swift */; };
		493DAD8E254C780A00494D2C /* SceneDelegate.swift in Sources */ = {isa = PBXBuildFile; fileRef = 493DAD8D254C780A00494D2C /* SceneDelegate.swift */; };
		493DAD90254C780A00494D2C /* ViewController.swift in Sources */ = {isa = PBXBuildFile; fileRef = 493DAD8F254C780A00494D2C /* ViewController.swift */; };
		493DAD93254C780A00494D2C /* Main.storyboard in Resources */ = {isa = PBXBuildFile; fileRef = 493DAD91254C780A00494D2C /* Main.storyboard */; };
		493DAD95254C780B00494D2C /* Assets.xcassets in Resources */ = {isa = PBXBuildFile; fileRef = 493DAD94254C780B00494D2C /* Assets.xcassets */; };
		493DAD98254C780B00494D2C /* LaunchScreen.storyboard in Resources */ = {isa = PBXBuildFile; fileRef = 493DAD96254C780B00494D2C /* LaunchScreen.storyboard */; };
		49F5FF5B25524586005F2EF4 /* inputViewController.swift in Sources */ = {isa = PBXBuildFile; fileRef = 49F5FF5A25524586005F2EF4 /* inputViewController.swift */; };
/* End PBXBuildFile section */

/* Begin PBXFileReference section */
		493C037F2555045400BBCB32 /* MemoListViewController.swift */ = {isa = PBXFileReference; lastKnownFileType = sourcecode.swift; path = MemoListViewController.swift; sourceTree = "<group>"; };
		493DAD88254C780A00494D2C /* NumberUpDown&Memo.app */ = {isa = PBXFileReference; explicitFileType = wrapper.application; includeInIndex = 0; path = "NumberUpDown&Memo.app"; sourceTree = BUILT_PRODUCTS_DIR; };
		493DAD8B254C780A00494D2C /* AppDelegate.swift */ = {isa = PBXFileReference; lastKnownFileType = sourcecode.swift; path = AppDelegate.swift; sourceTree = "<group>"; };
		493DAD8D254C780A00494D2C /* SceneDelegate.swift */ = {isa = PBXFileReference; lastKnownFileType = sourcecode.swift; path = SceneDelegate.swift; sourceTree = "<group>"; };
		493DAD8F254C780A00494D2C /* ViewController.swift */ = {isa = PBXFileReference; lastKnownFileType = sourcecode.swift; path = ViewController.swift; sourceTree = "<group>"; };
		493DAD92254C780A00494D2C /* Base */ = {isa = PBXFileReference; lastKnownFileType = file.storyboard; name = Base; path = Base.lproj/Main.storyboard; sourceTree = "<group>"; };
		493DAD94254C780B00494D2C /* Assets.xcassets */ = {isa = PBXFileReference; lastKnownFileType = folder.assetcatalog; path = Assets.xcassets; sourceTree = "<group>"; };
		493DAD97254C780B00494D2C /* Base */ = {isa = PBXFileReference; lastKnownFileType = file.storyboard; name = Base; path = Base.lproj/LaunchScreen.storyboard; sourceTree = "<group>"; };
		493DAD99254C780B00494D2C /* Info.plist */ = {isa = PBXFileReference; lastKnownFileType = text.plist.xml; path = Info.plist; sourceTree = "<group>"; };
		49F5FF5A25524586005F2EF4 /* inputViewController.swift */ = {isa = PBXFileReference; lastKnownFileType = sourcecode.swift; path = inputViewController.swift; sourceTree = "<group>"; };
/* End PBXFileReference section */

/* Begin PBXFrameworksBuildPhase section */
		493DAD85254C780A00494D2C /* Frameworks */ = {
			isa = PBXFrameworksBuildPhase;
			buildActionMask = 2147483647;
			files = (
			);
			runOnlyForDeploymentPostprocessing = 0;
		};
/* End PBXFrameworksBuildPhase section */

/* Begin PBXGroup section */
		493DAD7F254C780A00494D2C = {
			isa = PBXGroup;
			children = (
				493DAD8A254C780A00494D2C /* NumberUpDown&Memo */,
				493DAD89254C780A00494D2C /* Products */,
			);
			sourceTree = "<group>";
		};
		493DAD89254C780A00494D2C /* Products */ = {
			isa = PBXGroup;
			children = (
				493DAD88254C780A00494D2C /* NumberUpDown&Memo.app */,
			);
			name = Products;
			sourceTree = "<group>";
		};
		493DAD8A254C780A00494D2C /* NumberUpDown&Memo */ = {
			isa = PBXGroup;
			children = (
				493DAD8B254C780A00494D2C /* AppDelegate.swift */,
				493DAD8D254C780A00494D2C /* SceneDelegate.swift */,
				493DAD8F254C780A00494D2C /* ViewController.swift */,
				493C037F2555045400BBCB32 /* MemoListViewController.swift */,
				493DAD91254C780A00494D2C /* Main.storyboard */,
				49F5FF5A25524586005F2EF4 /* inputViewController.swift */,
				493DAD94254C780B00494D2C /* Assets.xcassets */,
				493DAD96254C780B00494D2C /* LaunchScreen.storyboard */,
				493DAD99254C780B00494D2C /* Info.plist */,
			);
			path = "NumberUpDown&Memo";
			sourceTree = "<group>";
		};
/* End PBXGroup section */

/* Begin PBXNativeTarget section */
		493DAD87254C780A00494D2C /* NumberUpDown&Memo */ = {
			isa = PBXNativeTarget;
			buildConfigurationList = 493DAD9C254C780B00494D2C /* Build configuration list for PBXNativeTarget "NumberUpDown&Memo" */;
			buildPhases = (
				493DAD84254C780A00494D2C /* Sources */,
				493DAD85254C780A00494D2C /* Frameworks */,
				493DAD86254C780A00494D2C /* Resources */,
			);
			buildRules = (
			);
			dependencies = (
			);
			name = "NumberUpDown&Memo";
			productName = NumberUpDown;
			productReference = 493DAD88254C780A00494D2C /* NumberUpDown&Memo.app */;
			productType = "com.apple.product-type.application";
		};
/* End PBXNativeTarget section */

/* Begin PBXProject section */
		493DAD80254C780A00494D2C /* Project object */ = {
			isa = PBXProject;
			attributes = {
				LastSwiftUpdateCheck = 1140;
				LastUpgradeCheck = 1140;
				ORGANIZATIONNAME = "조상호";
				TargetAttributes = {
					493DAD87254C780A00494D2C = {
						CreatedOnToolsVersion = 11.4;
					};
				};
			};
			buildConfigurationList = 493DAD83254C780A00494D2C /* Build configuration list for PBXProject "NumberUpDown&Memo" */;
			compatibilityVersion = "Xcode 9.3";
			developmentRegion = en;
			hasScannedForEncodings = 0;
			knownRegions = (
				en,
				Base,
			);
			mainGroup = 493DAD7F254C780A00494D2C;
			productRefGroup = 493DAD89254C780A00494D2C /* Products */;
			projectDirPath = "";
			projectRoot = "";
			targets = (
				493DAD87254C780A00494D2C /* NumberUpDown&Memo */,
			);
		};
/* End PBXProject section */

/* Begin PBXResourcesBuildPhase section */
		493DAD86254C780A00494D2C /* Resources */ = {
			isa = PBXResourcesBuildPhase;
			buildActionMask = 2147483647;
			files = (
				493DAD98254C780B00494D2C /* LaunchScreen.storyboard in Resources */,
				493DAD95254C780B00494D2C /* Assets.xcassets in Resources */,
				493DAD93254C780A00494D2C /* Main.storyboard in Resources */,
			);
			runOnlyForDeploymentPostprocessing = 0;
		};
/* End PBXResourcesBuildPhase section */

/* Begin PBXSourcesBuildPhase section */
		493DAD84254C780A00494D2C /* Sources */ = {
			isa = PBXSourcesBuildPhase;
			buildActionMask = 2147483647;
			files = (
				493DAD90254C780A00494D2C /* ViewController.swift in Sources */,
				493C03802555045400BBCB32 /* MemoListViewController.swift in Sources */,
				493DAD8C254C780A00494D2C /* AppDelegate.swift in Sources */,
				493DAD8E254C780A00494D2C /* SceneDelegate.swift in Sources */,
				49F5FF5B25524586005F2EF4 /* inputViewController.swift in Sources */,
			);
			runOnlyForDeploymentPostprocessing = 0;
		};
/* End PBXSourcesBuildPhase section */

/* Begin PBXVariantGroup section */
		493DAD91254C780A00494D2C /* Main.storyboard */ = {
			isa = PBXVariantGroup;
			children = (
				493DAD92254C780A00494D2C /* Base */,
			);
			name = Main.storyboard;
			sourceTree = "<group>";
		};
		493DAD96254C780B00494D2C /* LaunchScreen.storyboard */ = {
			isa = PBXVariantGroup;
			children = (
				493DAD97254C780B00494D2C /* Base */,
			);
			name = LaunchScreen.storyboard;
			sourceTree = "<group>";
		};
/* End PBXVariantGroup section */

/* Begin XCBuildConfiguration section */
		493DAD9A254C780B00494D2C /* Debug */ = {
			isa = XCBuildConfiguration;
			buildSettings = {
				ALWAYS_SEARCH_USER_PATHS = NO;
				CLANG_ANALYZER_NONNULL = YES;
				CLANG_ANALYZER_NUMBER_OBJECT_CONVERSION = YES_AGGRESSIVE;
				CLANG_CXX_LANGUAGE_STANDARD = "gnu++14";
				CLANG_CXX_LIBRARY = "libc++";
				CLANG_ENABLE_MODULES = YES;
				CLANG_ENABLE_OBJC_ARC = YES;
				CLANG_ENABLE_OBJC_WEAK = YES;
				CLANG_WARN_BLOCK_CAPTURE_AUTORELEASING = YES;
				CLANG_WARN_BOOL_CONVERSION = YES;
				CLANG_WARN_COMMA = YES;
				CLANG_WARN_CONSTANT_CONVERSION = YES;
				CLANG_WARN_DEPRECATED_OBJC_IMPLEMENTATIONS = YES;
				CLANG_WARN_DIRECT_OBJC_ISA_USAGE = YES_ERROR;
				CLANG_WARN_DOCUMENTATION_COMMENTS = YES;
				CLANG_WARN_EMPTY_BODY = YES;
				CLANG_WARN_ENUM_CONVERSION = YES;
				CLANG_WARN_INFINITE_RECURSION = YES;
				CLANG_WARN_INT_CONVERSION = YES;
				CLANG_WARN_NON_LITERAL_NULL_CONVERSION = YES;
				CLANG_WARN_OBJC_IMPLICIT_RETAIN_SELF = YES;
				CLANG_WARN_OBJC_LITERAL_CONVERSION = YES;
				CLANG_WARN_OBJC_ROOT_CLASS = YES_ERROR;
				CLANG_WARN_RANGE_LOOP_ANALYSIS = YES;
				CLANG_WARN_STRICT_PROTOTYPES = YES;
				CLANG_WARN_SUSPICIOUS_MOVE = YES;
				CLANG_WARN_UNGUARDED_AVAILABILITY = YES_AGGRESSIVE;
				CLANG_WARN_UNREACHABLE_CODE = YES;
				CLANG_WARN__DUPLICATE_METHOD_MATCH = YES;
				COPY_PHASE_STRIP = NO;
				DEBUG_INFORMATION_FORMAT = dwarf;
				ENABLE_STRICT_OBJC_MSGSEND = YES;
				ENABLE_TESTABILITY = YES;
				GCC_C_LANGUAGE_STANDARD = gnu11;
				GCC_DYNAMIC_NO_PIC = NO;
				GCC_NO_COMMON_BLOCKS = YES;
				GCC_OPTIMIZATION_LEVEL = 0;
				GCC_PREPROCESSOR_DEFINITIONS = (
					"DEBUG=1",
					"$(inherited)",
				);
				GCC_WARN_64_TO_32_BIT_CONVERSION = YES;
				GCC_WARN_ABOUT_RETURN_TYPE = YES_ERROR;
				GCC_WARN_UNDECLARED_SELECTOR = YES;
				GCC_WARN_UNINITIALIZED_AUTOS = YES_AGGRESSIVE;
				GCC_WARN_UNUSED_FUNCTION = YES;
				GCC_WARN_UNUSED_VARIABLE = YES;
				IPHONEOS_DEPLOYMENT_TARGET = 13.4;
				MTL_ENABLE_DEBUG_INFO = INCLUDE_SOURCE;
				MTL_FAST_MATH = YES;
				ONLY_ACTIVE_ARCH = YES;
				SDKROOT = iphoneos;
				SWIFT_ACTIVE_COMPILATION_CONDITIONS = DEBUG;
				SWIFT_OPTIMIZATION_LEVEL = "-Onone";
			};
			name = Debug;
		};
		493DAD9B254C780B00494D2C /* Release */ = {
			isa = XCBuildConfiguration;
			buildSettings = {
				ALWAYS_SEARCH_USER_PATHS = NO;
				CLANG_ANALYZER_NONNULL = YES;
				CLANG_ANALYZER_NUMBER_OBJECT_CONVERSION = YES_AGGRESSIVE;
				CLANG_CXX_LANGUAGE_STANDARD = "gnu++14";
				CLANG_CXX_LIBRARY = "libc++";
				CLANG_ENABLE_MODULES = YES;
				CLANG_ENABLE_OBJC_ARC = YES;
				CLANG_ENABLE_OBJC_WEAK = YES;
				CLANG_WARN_BLOCK_CAPTURE_AUTORELEASING = YES;
				CLANG_WARN_BOOL_CONVERSION = YES;
				CLANG_WARN_COMMA = YES;
				CLANG_WARN_CONSTANT_CONVERSION = YES;
				CLANG_WARN_DEPRECATED_OBJC_IMPLEMENTATIONS = YES;
				CLANG_WARN_DIRECT_OBJC_ISA_USAGE = YES_ERROR;
				CLANG_WARN_DOCUMENTATION_COMMENTS = YES;
				CLANG_WARN_EMPTY_BODY = YES;
				CLANG_WARN_ENUM_CONVERSION = YES;
				CLANG_WARN_INFINITE_RECURSION = YES;
				CLANG_WARN_INT_CONVERSION = YES;
				CLANG_WARN_NON_LITERAL_NULL_CONVERSION = YES;
				CLANG_WARN_OBJC_IMPLICIT_RETAIN_SELF = YES;
				CLANG_WARN_OBJC_LITERAL_CONVERSION = YES;
				CLANG_WARN_OBJC_ROOT_CLASS = YES_ERROR;
				CLANG_WARN_RANGE_LOOP_ANALYSIS = YES;
				CLANG_WARN_STRICT_PROTOTYPES = YES;
				CLANG_WARN_SUSPICIOUS_MOVE = YES;
				CLANG_WARN_UNGUARDED_AVAILABILITY = YES_AGGRESSIVE;
				CLANG_WARN_UNREACHABLE_CODE = YES;
				CLANG_WARN__DUPLICATE_METHOD_MATCH = YES;
				COPY_PHASE_STRIP = NO;
				DEBUG_INFORMATION_FORMAT = "dwarf-with-dsym";
				ENABLE_NS_ASSERTIONS = NO;
				ENABLE_STRICT_OBJC_MSGSEND = YES;
				GCC_C_LANGUAGE_STANDARD = gnu11;
				GCC_NO_COMMON_BLOCKS = YES;
				GCC_WARN_64_TO_32_BIT_CONVERSION = YES;
				GCC_WARN_ABOUT_RETURN_TYPE = YES_ERROR;
				GCC_WARN_UNDECLARED_SELECTOR = YES;
				GCC_WARN_UNINITIALIZED_AUTOS = YES_AGGRESSIVE;
				GCC_WARN_UNUSED_FUNCTION = YES;
				GCC_WARN_UNUSED_VARIABLE = YES;
				IPHONEOS_DEPLOYMENT_TARGET = 13.4;
				MTL_ENABLE_DEBUG_INFO = NO;
				MTL_FAST_MATH = YES;
				SDKROOT = iphoneos;
				SWIFT_COMPILATION_MODE = wholemodule;
				SWIFT_OPTIMIZATION_LEVEL = "-O";
				VALIDATE_PRODUCT = YES;
			};
			name = Release;
		};
		493DAD9D254C780B00494D2C /* Debug */ = {
			isa = XCBuildConfiguration;
			buildSettings = {
				ASSETCATALOG_COMPILER_APPICON_NAME = AppIcon;
				CODE_SIGN_STYLE = Automatic;
				INFOPLIST_FILE = "NumberUpDown&Memo/Info.plist";
				LD_RUNPATH_SEARCH_PATHS = (
					"$(inherited)",
					"@executable_path/Frameworks",
				);
				PRODUCT_BUNDLE_IDENTIFIER = "Study.NumberUpDown&Memo";
				PRODUCT_NAME = "$(TARGET_NAME)";
				SWIFT_VERSION = 5.0;
				TARGETED_DEVICE_FAMILY = "1,2";
			};
			name = Debug;
		};
		493DAD9E254C780B00494D2C /* Release */ = {
			isa = XCBuildConfiguration;
			buildSettings = {
				ASSETCATALOG_COMPILER_APPICON_NAME = AppIcon;
				CODE_SIGN_STYLE = Automatic;
				INFOPLIST_FILE = "NumberUpDown&Memo/Info.plist";
				LD_RUNPATH_SEARCH_PATHS = (
					"$(inherited)",
					"@executable_path/Frameworks",
				);
				PRODUCT_BUNDLE_IDENTIFIER = "Study.NumberUpDown&Memo";
				PRODUCT_NAME = "$(TARGET_NAME)";
				SWIFT_VERSION = 5.0;
				TARGETED_DEVICE_FAMILY = "1,2";
			};
			name = Release;
		};
/* End XCBuildConfiguration section */

/* Begin XCConfigurationList section */
		493DAD83254C780A00494D2C /* Build configuration list for PBXProject "NumberUpDown&Memo" */ = {
			isa = XCConfigurationList;
			buildConfigurations = (
				493DAD9A254C780B00494D2C /* Debug */,
				493DAD9B254C780B00494D2C /* Release */,
			);
			defaultConfigurationIsVisible = 0;
			defaultConfigurationName = Release;
		};
		493DAD9C254C780B00494D2C /* Build configuration list for PBXNativeTarget "NumberUpDown&Memo" */ = {
			isa = XCConfigurationList;
			buildConfigurations = (
				493DAD9D254C780B00494D2C /* Debug */,
				493DAD9E254C780B00494D2C /* Release */,
			);
			defaultConfigurationIsVisible = 0;
			defaultConfigurationName = Release;
		};
/* End XCConfigurationList section */
	};
	rootObject = 493DAD80254C780A00494D2C /* Project object */;
}
